# This file is automatically @generated by Cargo.
# It is not intended for manual editing.
version = 4

[[package]]
name = "buddy-alloc"
version = "0.6.0"
source = "registry+https://github.com/rust-lang/crates.io-index"
checksum = "ee741d62dcaf41ca303576ef890989ccb01d5dd77f8ce1a6d6c7846ab5d09efb"

[[package]]
name = "compiler_builtins"
version = "0.1.160"
source = "registry+https://github.com/rust-lang/crates.io-index"
checksum = "6376049cfa92c0aa8b9ac95fae22184b981c658208d4ed8a1dc553cd83612895"

[[package]]
name = "rustc-std-workspace-core"
version = "1.0.1"
source = "registry+https://github.com/rust-lang/crates.io-index"
checksum = "aa9c45b374136f52f2d6311062c7146bff20fec063c3f5d46a410bd937746955"

[[package]]
name = "simpleos"
version = "0.1.0"
dependencies = [
 "buddy-alloc",
 "compiler_builtins",
 "rustc-std-workspace-core",
]
